<Solution>
  <Folder Name="/Solution Items/">
    <File Path=".github/workflows/static.yml" />
    <File Path="pages/data.ttl" />
  </Folder>
  <Project Path="MakeWord/MakeWord.csproj" />
  <Project Path="Model/Model.csproj" Id="8befe544-6404-4e09-a2b0-b043bd4a56b4" />
  <Project Path="Wrapping/Wrapping.csproj" />
</Solution>
